// !$*UTF8*$!
{
	archiveVersion = 1;
	classes = {
	};
	objectVersion = 46;
	objects = {

/* Begin PBXBuildFile section */
		A32B31EA1AFE41DE00293377 /* AppDelegate.swift in Sources */ = {isa = PBXBuildFile; fileRef = A32B31E91AFE41DE00293377 /* AppDelegate.swift */; };
		A32B31EC1AFE41DE00293377 /* ViewController.swift in Sources */ = {isa = PBXBuildFile; fileRef = A32B31EB1AFE41DE00293377 /* ViewController.swift */; };
		A32B31EF1AFE41DE00293377 /* Main.storyboard in Resources */ = {isa = PBXBuildFile; fileRef = A32B31ED1AFE41DE00293377 /* Main.storyboard */; };
		A32B31F11AFE41DE00293377 /* Images.xcassets in Resources */ = {isa = PBXBuildFile; fileRef = A32B31F01AFE41DE00293377 /* Images.xcassets */; };
		A32B31F41AFE41DE00293377 /* LaunchScreen.xib in Resources */ = {isa = PBXBuildFile; fileRef = A32B31F21AFE41DE00293377 /* LaunchScreen.xib */; };
		A32B32001AFE41DE00293377 /* TechMonsterTests.swift in Sources */ = {isa = PBXBuildFile; fileRef = A32B31FF1AFE41DE00293377 /* TechMonsterTests.swift */; };
		A32B320C1AFE4EDF00293377 /* LobbyViewController.swift in Sources */ = {isa = PBXBuildFile; fileRef = A32B320B1AFE4EDF00293377 /* LobbyViewController.swift */; };
		A32B32271AFF00C600293377 /* Default-568h@2x.png in Resources */ = {isa = PBXBuildFile; fileRef = A32B32111AFF00C600293377 /* Default-568h@2x.png */; };
		A32B32281AFF00C600293377 /* Default-667h@2x.png in Resources */ = {isa = PBXBuildFile; fileRef = A32B32121AFF00C600293377 /* Default-667h@2x.png */; };
		A32B32291AFF00C600293377 /* Default-736h@3x.png in Resources */ = {isa = PBXBuildFile; fileRef = A32B32131AFF00C600293377 /* Default-736h@3x.png */; };
		A32B322A1AFF00C600293377 /* misaki_gothic.ttf in Resources */ = {isa = PBXBuildFile; fileRef = A32B32151AFF00C600293377 /* misaki_gothic.ttf */; };
		A32B322B1AFF00C600293377 /* battlebg.png in Resources */ = {isa = PBXBuildFile; fileRef = A32B32171AFF00C600293377 /* battlebg.png */; };
		A32B322C1AFF00C600293377 /* bgimage.jpg in Resources */ = {isa = PBXBuildFile; fileRef = A32B32181AFF00C600293377 /* bgimage.jpg */; };
		A32B322D1AFF00C600293377 /* falcon.png in Resources */ = {isa = PBXBuildFile; fileRef = A32B32191AFF00C600293377 /* falcon.png */; };
		A32B322E1AFF00C600293377 /* gold_button.png in Resources */ = {isa = PBXBuildFile; fileRef = A32B321A1AFF00C600293377 /* gold_button.png */; };
		A32B322F1AFF00C600293377 /* lobby.png in Resources */ = {isa = PBXBuildFile; fileRef = A32B321B1AFF00C600293377 /* lobby.png */; };
		A32B32301AFF00C600293377 /* waku.png in Resources */ = {isa = PBXBuildFile; fileRef = A32B321C1AFF00C600293377 /* waku.png */; };
		A32B32311AFF00C600293377 /* Enemy.swift in Sources */ = {isa = PBXBuildFile; fileRef = A32B321E1AFF00C600293377 /* Enemy.swift */; };
		A32B32321AFF00C600293377 /* Player.swift in Sources */ = {isa = PBXBuildFile; fileRef = A32B321F1AFF00C600293377 /* Player.swift */; };
		A32B32331AFF00C600293377 /* TechDraUtility.swift in Sources */ = {isa = PBXBuildFile; fileRef = A32B32201AFF00C600293377 /* TechDraUtility.swift */; };
		A32B32341AFF00C600293377 /* BGM_battle001.mp3 in Resources */ = {isa = PBXBuildFile; fileRef = A32B32221AFF00C600293377 /* BGM_battle001.mp3 */; };
		A32B32351AFF00C600293377 /* lobby.mp3 in Resources */ = {isa = PBXBuildFile; fileRef = A32B32231AFF00C600293377 /* lobby.mp3 */; };
		A32B32361AFF00C600293377 /* SE_attack.mp3 in Resources */ = {isa = PBXBuildFile; fileRef = A32B32241AFF00C600293377 /* SE_attack.mp3 */; };
		A32B32371AFF00C600293377 /* SE_fanfare.mp3 in Resources */ = {isa = PBXBuildFile; fileRef = A32B32251AFF00C600293377 /* SE_fanfare.mp3 */; };
		A32B32381AFF00C600293377 /* SE_gameover.mp3 in Resources */ = {isa = PBXBuildFile; fileRef = A32B32261AFF00C600293377 /* SE_gameover.mp3 */; };
/* End PBXBuildFile section */

/* Begin PBXContainerItemProxy section */
		A32B31FA1AFE41DE00293377 /* PBXContainerItemProxy */ = {
			isa = PBXContainerItemProxy;
			containerPortal = A32B31DC1AFE41DE00293377 /* Project object */;
			proxyType = 1;
			remoteGlobalIDString = A32B31E31AFE41DE00293377;
			remoteInfo = TechMonster;
		};
/* End PBXContainerItemProxy section */

/* Begin PBXFileReference section */
		A32B31E41AFE41DE00293377 /* TechMonster.app */ = {isa = PBXFileReference; explicitFileType = wrapper.application; includeInIndex = 0; path = TechMonster.app; sourceTree = BUILT_PRODUCTS_DIR; };
		A32B31E81AFE41DE00293377 /* Info.plist */ = {isa = PBXFileReference; lastKnownFileType = text.plist.xml; path = Info.plist; sourceTree = "<group>"; };
		A32B31E91AFE41DE00293377 /* AppDelegate.swift */ = {isa = PBXFileReference; lastKnownFileType = sourcecode.swift; path = AppDelegate.swift; sourceTree = "<group>"; };
		A32B31EB1AFE41DE00293377 /* ViewController.swift */ = {isa = PBXFileReference; lastKnownFileType = sourcecode.swift; path = ViewController.swift; sourceTree = "<group>"; };
		A32B31EE1AFE41DE00293377 /* Base */ = {isa = PBXFileReference; lastKnownFileType = file.storyboard; name = Base; path = Base.lproj/Main.storyboard; sourceTree = "<group>"; };
		A32B31F01AFE41DE00293377 /* Images.xcassets */ = {isa = PBXFileReference; lastKnownFileType = folder.assetcatalog; path = Images.xcassets; sourceTree = "<group>"; };
		A32B31F31AFE41DE00293377 /* Base */ = {isa = PBXFileReference; lastKnownFileType = file.xib; name = Base; path = Base.lproj/LaunchScreen.xib; sourceTree = "<group>"; };
		A32B31F91AFE41DE00293377 /* TechMonsterTests.xctest */ = {isa = PBXFileReference; explicitFileType = wrapper.cfbundle; includeInIndex = 0; path = TechMonsterTests.xctest; sourceTree = BUILT_PRODUCTS_DIR; };
		A32B31FE1AFE41DE00293377 /* Info.plist */ = {isa = PBXFileReference; lastKnownFileType = text.plist.xml; path = Info.plist; sourceTree = "<group>"; };
		A32B31FF1AFE41DE00293377 /* TechMonsterTests.swift */ = {isa = PBXFileReference; lastKnownFileType = sourcecode.swift; path = TechMonsterTests.swift; sourceTree = "<group>"; };
		A32B320B1AFE4EDF00293377 /* LobbyViewController.swift */ = {isa = PBXFileReference; fileEncoding = 4; lastKnownFileType = sourcecode.swift; path = LobbyViewController.swift; sourceTree = "<group>"; };
		A32B32111AFF00C600293377 /* Default-568h@2x.png */ = {isa = PBXFileReference; lastKnownFileType = image.png; path = "Default-568h@2x.png"; sourceTree = "<group>"; };
		A32B32121AFF00C600293377 /* Default-667h@2x.png */ = {isa = PBXFileReference; lastKnownFileType = image.png; path = "Default-667h@2x.png"; sourceTree = "<group>"; };
		A32B32131AFF00C600293377 /* Default-736h@3x.png */ = {isa = PBXFileReference; lastKnownFileType = image.png; path = "Default-736h@3x.png"; sourceTree = "<group>"; };
		A32B32151AFF00C600293377 /* misaki_gothic.ttf */ = {isa = PBXFileReference; lastKnownFileType = file; path = misaki_gothic.ttf; sourceTree = "<group>"; };
		A32B32171AFF00C600293377 /* battlebg.png */ = {isa = PBXFileReference; lastKnownFileType = image.png; path = battlebg.png; sourceTree = "<group>"; };
		A32B32181AFF00C600293377 /* bgimage.jpg */ = {isa = PBXFileReference; lastKnownFileType = image.jpeg; path = bgimage.jpg; sourceTree = "<group>"; };
		A32B32191AFF00C600293377 /* falcon.png */ = {isa = PBXFileReference; lastKnownFileType = image.png; path = falcon.png; sourceTree = "<group>"; };
		A32B321A1AFF00C600293377 /* gold_button.png */ = {isa = PBXFileReference; lastKnownFileType = image.png; path = gold_button.png; sourceTree = "<group>"; };
		A32B321B1AFF00C600293377 /* lobby.png */ = {isa = PBXFileReference; lastKnownFileType = image.png; path = lobby.png; sourceTree = "<group>"; };
		A32B321C1AFF00C600293377 /* waku.png */ = {isa = PBXFileReference; lastKnownFileType = image.png; path = waku.png; sourceTree = "<group>"; };
		A32B321E1AFF00C600293377 /* Enemy.swift */ = {isa = PBXFileReference; fileEncoding = 4; lastKnownFileType = sourcecode.swift; path = Enemy.swift; sourceTree = "<group>"; };
		A32B321F1AFF00C600293377 /* Player.swift */ = {isa = PBXFileReference; fileEncoding = 4; lastKnownFileType = sourcecode.swift; path = Player.swift; sourceTree = "<group>"; };
		A32B32201AFF00C600293377 /* TechDraUtility.swift */ = {isa = PBXFileReference; fileEncoding = 4; lastKnownFileType = sourcecode.swift; path = TechDraUtility.swift; sourceTree = "<group>"; };
		A32B32221AFF00C600293377 /* BGM_battle001.mp3 */ = {isa = PBXFileReference; lastKnownFileType = audio.mp3; path = BGM_battle001.mp3; sourceTree = "<group>"; };
		A32B32231AFF00C600293377 /* lobby.mp3 */ = {isa = PBXFileReference; lastKnownFileType = audio.mp3; path = lobby.mp3; sourceTree = "<group>"; };
		A32B32241AFF00C600293377 /* SE_attack.mp3 */ = {isa = PBXFileReference; lastKnownFileType = audio.mp3; path = SE_attack.mp3; sourceTree = "<group>"; };
		A32B32251AFF00C600293377 /* SE_fanfare.mp3 */ = {isa = PBXFileReference; lastKnownFileType = audio.mp3; path = SE_fanfare.mp3; sourceTree = "<group>"; };
		A32B32261AFF00C600293377 /* SE_gameover.mp3 */ = {isa = PBXFileReference; lastKnownFileType = audio.mp3; path = SE_gameover.mp3; sourceTree = "<group>"; };
/* End PBXFileReference section */

/* Begin PBXFrameworksBuildPhase section */
		A32B31E11AFE41DE00293377 /* Frameworks */ = {
			isa = PBXFrameworksBuildPhase;
			buildActionMask = 2147483647;
			files = (
			);
			runOnlyForDeploymentPostprocessing = 0;
		};
		A32B31F61AFE41DE00293377 /* Frameworks */ = {
			isa = PBXFrameworksBuildPhase;
			buildActionMask = 2147483647;
			files = (
			);
			runOnlyForDeploymentPostprocessing = 0;
		};
/* End PBXFrameworksBuildPhase section */

/* Begin PBXGroup section */
		A32B31DB1AFE41DE00293377 = {
			isa = PBXGroup;
			children = (
				A32B31E61AFE41DE00293377 /* TechMonster */,
				A32B31FC1AFE41DE00293377 /* TechMonsterTests */,
				A32B31E51AFE41DE00293377 /* Products */,
			);
			sourceTree = "<group>";
		};
		A32B31E51AFE41DE00293377 /* Products */ = {
			isa = PBXGroup;
			children = (
				A32B31E41AFE41DE00293377 /* TechMonster.app */,
				A32B31F91AFE41DE00293377 /* TechMonsterTests.xctest */,
			);
			name = Products;
			sourceTree = "<group>";
		};
		A32B31E61AFE41DE00293377 /* TechMonster */ = {
			isa = PBXGroup;
			children = (
				A32B320F1AFF00C600293377 /* TechMon_Resources */,
				A32B31E91AFE41DE00293377 /* AppDelegate.swift */,
				A32B31EB1AFE41DE00293377 /* ViewController.swift */,
				A32B320B1AFE4EDF00293377 /* LobbyViewController.swift */,
				A32B31ED1AFE41DE00293377 /* Main.storyboard */,
				A32B31F01AFE41DE00293377 /* Images.xcassets */,
				A32B31F21AFE41DE00293377 /* LaunchScreen.xib */,
				A32B31E71AFE41DE00293377 /* Supporting Files */,
			);
			path = TechMonster;
			sourceTree = "<group>";
		};
		A32B31E71AFE41DE00293377 /* Supporting Files */ = {
			isa = PBXGroup;
			children = (
				A32B31E81AFE41DE00293377 /* Info.plist */,
			);
			name = "Supporting Files";
			sourceTree = "<group>";
		};
		A32B31FC1AFE41DE00293377 /* TechMonsterTests */ = {
			isa = PBXGroup;
			children = (
				A32B31FF1AFE41DE00293377 /* TechMonsterTests.swift */,
				A32B31FD1AFE41DE00293377 /* Supporting Files */,
			);
			path = TechMonsterTests;
			sourceTree = "<group>";
		};
		A32B31FD1AFE41DE00293377 /* Supporting Files */ = {
			isa = PBXGroup;
			children = (
				A32B31FE1AFE41DE00293377 /* Info.plist */,
			);
			name = "Supporting Files";
			sourceTree = "<group>";
		};
		A32B320F1AFF00C600293377 /* TechMon_Resources */ = {
			isa = PBXGroup;
			children = (
				A32B32101AFF00C600293377 /* Defaults */,
				A32B32141AFF00C600293377 /* Fonts */,
				A32B32161AFF00C600293377 /* Images */,
				A32B321D1AFF00C600293377 /* Models */,
				A32B32211AFF00C600293377 /* Sounds */,
			);
			path = TechMon_Resources;
			sourceTree = "<group>";
		};
		A32B32101AFF00C600293377 /* Defaults */ = {
			isa = PBXGroup;
			children = (
				A32B32111AFF00C600293377 /* Default-568h@2x.png */,
				A32B32121AFF00C600293377 /* Default-667h@2x.png */,
				A32B32131AFF00C600293377 /* Default-736h@3x.png */,
			);
			path = Defaults;
			sourceTree = "<group>";
		};
		A32B32141AFF00C600293377 /* Fonts */ = {
			isa = PBXGroup;
			children = (
				A32B32151AFF00C600293377 /* misaki_gothic.ttf */,
			);
			path = Fonts;
			sourceTree = "<group>";
		};
		A32B32161AFF00C600293377 /* Images */ = {
			isa = PBXGroup;
			children = (
				A32B32171AFF00C600293377 /* battlebg.png */,
				A32B32181AFF00C600293377 /* bgimage.jpg */,
				A32B32191AFF00C600293377 /* falcon.png */,
				A32B321A1AFF00C600293377 /* gold_button.png */,
				A32B321B1AFF00C600293377 /* lobby.png */,
				A32B321C1AFF00C600293377 /* waku.png */,
			);
			path = Images;
			sourceTree = "<group>";
		};
		A32B321D1AFF00C600293377 /* Models */ = {
			isa = PBXGroup;
			children = (
				A32B321E1AFF00C600293377 /* Enemy.swift */,
				A32B321F1AFF00C600293377 /* Player.swift */,
				A32B32201AFF00C600293377 /* TechDraUtility.swift */,
			);
			path = Models;
			sourceTree = "<group>";
		};
		A32B32211AFF00C600293377 /* Sounds */ = {
			isa = PBXGroup;
			children = (
				A32B32221AFF00C600293377 /* BGM_battle001.mp3 */,
				A32B32231AFF00C600293377 /* lobby.mp3 */,
				A32B32241AFF00C600293377 /* SE_attack.mp3 */,
				A32B32251AFF00C600293377 /* SE_fanfare.mp3 */,
				A32B32261AFF00C600293377 /* SE_gameover.mp3 */,
			);
			path = Sounds;
			sourceTree = "<group>";
		};
/* End PBXGroup section */

/* Begin PBXNativeTarget section */
		A32B31E31AFE41DE00293377 /* TechMonster */ = {
			isa = PBXNativeTarget;
			buildConfigurationList = A32B32031AFE41DE00293377 /* Build configuration list for PBXNativeTarget "TechMonster" */;
			buildPhases = (
				A32B31E01AFE41DE00293377 /* Sources */,
				A32B31E11AFE41DE00293377 /* Frameworks */,
				A32B31E21AFE41DE00293377 /* Resources */,
			);
			buildRules = (
			);
			dependencies = (
			);
			name = TechMonster;
			productName = TechMonster;
			productReference = A32B31E41AFE41DE00293377 /* TechMonster.app */;
			productType = "com.apple.product-type.application";
		};
		A32B31F81AFE41DE00293377 /* TechMonsterTests */ = {
			isa = PBXNativeTarget;
			buildConfigurationList = A32B32061AFE41DE00293377 /* Build configuration list for PBXNativeTarget "TechMonsterTests" */;
			buildPhases = (
				A32B31F51AFE41DE00293377 /* Sources */,
				A32B31F61AFE41DE00293377 /* Frameworks */,
				A32B31F71AFE41DE00293377 /* Resources */,
			);
			buildRules = (
			);
			dependencies = (
				A32B31FB1AFE41DE00293377 /* PBXTargetDependency */,
			);
			name = TechMonsterTests;
			productName = TechMonsterTests;
			productReference = A32B31F91AFE41DE00293377 /* TechMonsterTests.xctest */;
			productType = "com.apple.product-type.bundle.unit-test";
		};
/* End PBXNativeTarget section */

/* Begin PBXProject section */
		A32B31DC1AFE41DE00293377 /* Project object */ = {
			isa = PBXProject;
			attributes = {
				LastUpgradeCheck = 0610;
				ORGANIZATIONNAME = KFCC;
				TargetAttributes = {
					A32B31E31AFE41DE00293377 = {
						CreatedOnToolsVersion = 6.1.1;
					};
					A32B31F81AFE41DE00293377 = {
						CreatedOnToolsVersion = 6.1.1;
						TestTargetID = A32B31E31AFE41DE00293377;
					};
				};
			};
			buildConfigurationList = A32B31DF1AFE41DE00293377 /* Build configuration list for PBXProject "TechMonster" */;
			compatibilityVersion = "Xcode 3.2";
			developmentRegion = English;
			hasScannedForEncodings = 0;
			knownRegions = (
				en,
				Base,
			);
			mainGroup = A32B31DB1AFE41DE00293377;
			productRefGroup = A32B31E51AFE41DE00293377 /* Products */;
			projectDirPath = "";
			projectRoot = "";
			targets = (
				A32B31E31AFE41DE00293377 /* TechMonster */,
				A32B31F81AFE41DE00293377 /* TechMonsterTests */,
			);
		};
/* End PBXProject section */

/* Begin PBXResourcesBuildPhase section */
		A32B31E21AFE41DE00293377 /* Resources */ = {
			isa = PBXResourcesBuildPhase;
			buildActionMask = 2147483647;
			files = (
				A32B32301AFF00C600293377 /* waku.png in Resources */,
				A32B32371AFF00C600293377 /* SE_fanfare.mp3 in Resources */,
				A32B31EF1AFE41DE00293377 /* Main.storyboard in Resources */,
				A32B322E1AFF00C600293377 /* gold_button.png in Resources */,
				A32B32341AFF00C600293377 /* BGM_battle001.mp3 in Resources */,
				A32B32351AFF00C600293377 /* lobby.mp3 in Resources */,
				A32B322A1AFF00C600293377 /* misaki_gothic.ttf in Resources */,
				A32B32271AFF00C600293377 /* Default-568h@2x.png in Resources */,
				A32B322F1AFF00C600293377 /* lobby.png in Resources */,
				A32B31F41AFE41DE00293377 /* LaunchScreen.xib in Resources */,
				A32B322B1AFF00C600293377 /* battlebg.png in Resources */,
				A32B32361AFF00C600293377 /* SE_attack.mp3 in Resources */,
				A32B32381AFF00C600293377 /* SE_gameover.mp3 in Resources */,
				A32B31F11AFE41DE00293377 /* Images.xcassets in Resources */,
				A32B322C1AFF00C600293377 /* bgimage.jpg in Resources */,
				A32B32281AFF00C600293377 /* Default-667h@2x.png in Resources */,
				A32B322D1AFF00C600293377 /* falcon.png in Resources */,
				A32B32291AFF00C600293377 /* Default-736h@3x.png in Resources */,
			);
			runOnlyForDeploymentPostprocessing = 0;
		};
		A32B31F71AFE41DE00293377 /* Resources */ = {
			isa = PBXResourcesBuildPhase;
			buildActionMask = 2147483647;
			files = (
			);
			runOnlyForDeploymentPostprocessing = 0;
		};
/* End PBXResourcesBuildPhase section */

/* Begin PBXSourcesBuildPhase section */
		A32B31E01AFE41DE00293377 /* Sources */ = {
			isa = PBXSourcesBuildPhase;
			buildActionMask = 2147483647;
			files = (
				A32B32311AFF00C600293377 /* Enemy.swift in Sources */,
				A32B320C1AFE4EDF00293377 /* LobbyViewController.swift in Sources */,
				A32B32331AFF00C600293377 /* TechDraUtility.swift in Sources */,
				A32B31EC1AFE41DE00293377 /* ViewController.swift in Sources */,
				A32B32321AFF00C600293377 /* Player.swift in Sources */,
				A32B31EA1AFE41DE00293377 /* AppDelegate.swift in Sources */,
			);
			runOnlyForDeploymentPostprocessing = 0;
		};
		A32B31F51AFE41DE00293377 /* Sources */ = {
			isa = PBXSourcesBuildPhase;
			buildActionMask = 2147483647;
			files = (
				A32B32001AFE41DE00293377 /* TechMonsterTests.swift in Sources */,
			);
			runOnlyForDeploymentPostprocessing = 0;
		};
/* End PBXSourcesBuildPhase section */

/* Begin PBXTargetDependency section */
		A32B31FB1AFE41DE00293377 /* PBXTargetDependency */ = {
			isa = PBXTargetDependency;
			target = A32B31E31AFE41DE00293377 /* TechMonster */;
			targetProxy = A32B31FA1AFE41DE00293377 /* PBXContainerItemProxy */;
		};
/* End PBXTargetDependency section */

/* Begin PBXVariantGroup section */
		A32B31ED1AFE41DE00293377 /* Main.storyboard */ = {
			isa = PBXVariantGroup;
			children = (
				A32B31EE1AFE41DE00293377 /* Base */,
			);
			name = Main.storyboard;
			sourceTree = "<group>";
		};
		A32B31F21AFE41DE00293377 /* LaunchScreen.xib */ = {
			isa = PBXVariantGroup;
			children = (
				A32B31F31AFE41DE00293377 /* Base */,
			);
			name = LaunchScreen.xib;
			sourceTree = "<group>";
		};
/* End PBXVariantGroup section */

/* Begin XCBuildConfiguration section */
		A32B32011AFE41DE00293377 /* Debug */ = {
			isa = XCBuildConfiguration;
			buildSettings = {
				ALWAYS_SEARCH_USER_PATHS = NO;
				CLANG_CXX_LANGUAGE_STANDARD = "gnu++0x";
				CLANG_CXX_LIBRARY = "libc++";
				CLANG_ENABLE_MODULES = YES;
				CLANG_ENABLE_OBJC_ARC = YES;
				CLANG_WARN_BOOL_CONVERSION = YES;
				CLANG_WARN_CONSTANT_CONVERSION = YES;
				CLANG_WARN_DIRECT_OBJC_ISA_USAGE = YES_ERROR;
				CLANG_WARN_EMPTY_BODY = YES;
				CLANG_WARN_ENUM_CONVERSION = YES;
				CLANG_WARN_INT_CONVERSION = YES;
				CLANG_WARN_OBJC_ROOT_CLASS = YES_ERROR;
				CLANG_WARN_UNREACHABLE_CODE = YES;
				CLANG_WARN__DUPLICATE_METHOD_MATCH = YES;
				"CODE_SIGN_IDENTITY[sdk=iphoneos*]" = "iPhone Developer";
				COPY_PHASE_STRIP = NO;
				ENABLE_STRICT_OBJC_MSGSEND = YES;
				GCC_C_LANGUAGE_STANDARD = gnu99;
				GCC_DYNAMIC_NO_PIC = NO;
				GCC_OPTIMIZATION_LEVEL = 0;
				GCC_PREPROCESSOR_DEFINITIONS = (
					"DEBUG=1",
					"$(inherited)",
				);
				GCC_SYMBOLS_PRIVATE_EXTERN = NO;
				GCC_WARN_64_TO_32_BIT_CONVERSION = YES;
				GCC_WARN_ABOUT_RETURN_TYPE = YES_ERROR;
				GCC_WARN_UNDECLARED_SELECTOR = YES;
				GCC_WARN_UNINITIALIZED_AUTOS = YES_AGGRESSIVE;
				GCC_WARN_UNUSED_FUNCTION = YES;
				GCC_WARN_UNUSED_VARIABLE = YES;
				IPHONEOS_DEPLOYMENT_TARGET = 8.1;
				MTL_ENABLE_DEBUG_INFO = YES;
				ONLY_ACTIVE_ARCH = YES;
				SDKROOT = iphoneos;
				SWIFT_OPTIMIZATION_LEVEL = "-Onone";
			};
			name = Debug;
		};
		A32B32021AFE41DE00293377 /* Release */ = {
			isa = XCBuildConfiguration;
			buildSettings = {
				ALWAYS_SEARCH_USER_PATHS = NO;
				CLANG_CXX_LANGUAGE_STANDARD = "gnu++0x";
				CLANG_CXX_LIBRARY = "libc++";
				CLANG_ENABLE_MODULES = YES;
				CLANG_ENABLE_OBJC_ARC = YES;
				CLANG_WARN_BOOL_CONVERSION = YES;
				CLANG_WARN_CONSTANT_CONVERSION = YES;
				CLANG_WARN_DIRECT_OBJC_ISA_USAGE = YES_ERROR;
				CLANG_WARN_EMPTY_BODY = YES;
				CLANG_WARN_ENUM_CONVERSION = YES;
				CLANG_WARN_INT_CONVERSION = YES;
				CLANG_WARN_OBJC_ROOT_CLASS = YES_ERROR;
				CLANG_WARN_UNREACHABLE_CODE = YES;
				CLANG_WARN__DUPLICATE_METHOD_MATCH = YES;
				"CODE_SIGN_IDENTITY[sdk=iphoneos*]" = "iPhone Developer";
				COPY_PHASE_STRIP = YES;
				ENABLE_NS_ASSERTIONS = NO;
				ENABLE_STRICT_OBJC_MSGSEND = YES;
				GCC_C_LANGUAGE_STANDARD = gnu99;
				GCC_WARN_64_TO_32_BIT_CONVERSION = YES;
				GCC_WARN_ABOUT_RETURN_TYPE = YES_ERROR;
				GCC_WARN_UNDECLARED_SELECTOR = YES;
				GCC_WARN_UNINITIALIZED_AUTOS = YES_AGGRESSIVE;
				GCC_WARN_UNUSED_FUNCTION = YES;
				GCC_WARN_UNUSED_VARIABLE = YES;
				IPHONEOS_DEPLOYMENT_TARGET = 8.1;
				MTL_ENABLE_DEBUG_INFO = NO;
				SDKROOT = iphoneos;
				VALIDATE_PRODUCT = YES;
			};
			name = Release;
		};
		A32B32041AFE41DE00293377 /* Debug */ = {
			isa = XCBuildConfiguration;
			buildSettings = {
				ASSETCATALOG_COMPILER_APPICON_NAME = AppIcon;
				INFOPLIST_FILE = TechMonster/Info.plist;
				LD_RUNPATH_SEARCH_PATHS = "$(inherited) @executable_path/Frameworks";
				PRODUCT_NAME = "$(TARGET_NAME)";
			};
			name = Debug;
		};
		A32B32051AFE41DE00293377 /* Release */ = {
			isa = XCBuildConfiguration;
			buildSettings = {
				ASSETCATALOG_COMPILER_APPICON_NAME = AppIcon;
				INFOPLIST_FILE = TechMonster/Info.plist;
				LD_RUNPATH_SEARCH_PATHS = "$(inherited) @executable_path/Frameworks";
				PRODUCT_NAME = "$(TARGET_NAME)";
			};
			name = Release;
		};
		A32B32071AFE41DE00293377 /* Debug */ = {
			isa = XCBuildConfiguration;
			buildSettings = {
				BUNDLE_LOADER = "$(TEST_HOST)";
				FRAMEWORK_SEARCH_PATHS = (
					"$(SDKROOT)/Developer/Library/Frameworks",
					"$(inherited)",
				);
				GCC_PREPROCESSOR_DEFINITIONS = (
					"DEBUG=1",
					"$(inherited)",
				);
				INFOPLIST_FILE = TechMonsterTests/Info.plist;
				LD_RUNPATH_SEARCH_PATHS = "$(inherited) @executable_path/Frameworks @loader_path/Frameworks";
				PRODUCT_NAME = "$(TARGET_NAME)";
				TEST_HOST = "$(BUILT_PRODUCTS_DIR)/TechMonster.app/TechMonster";
			};
			name = Debug;
		};
		A32B32081AFE41DE00293377 /* Release */ = {
			isa = XCBuildConfiguration;
			buildSettings = {
				BUNDLE_LOADER = "$(TEST_HOST)";
				FRAMEWORK_SEARCH_PATHS = (
					"$(SDKROOT)/Developer/Library/Frameworks",
					"$(inherited)",
				);
				INFOPLIST_FILE = TechMonsterTests/Info.plist;
				LD_RUNPATH_SEARCH_PATHS = "$(inherited) @executable_path/Frameworks @loader_path/Frameworks";
				PRODUCT_NAME = "$(TARGET_NAME)";
				TEST_HOST = "$(BUILT_PRODUCTS_DIR)/TechMonster.app/TechMonster";
			};
			name = Release;
		};
/* End XCBuildConfiguration section */

/* Begin XCConfigurationList section */
		A32B31DF1AFE41DE00293377 /* Build configuration list for PBXProject "TechMonster" */ = {
			isa = XCConfigurationList;
			buildConfigurations = (
				A32B32011AFE41DE00293377 /* Debug */,
				A32B32021AFE41DE00293377 /* Release */,
			);
			defaultConfigurationIsVisible = 0;
			defaultConfigurationName = Release;
		};
		A32B32031AFE41DE00293377 /* Build configuration list for PBXNativeTarget "TechMonster" */ = {
			isa = XCConfigurationList;
			buildConfigurations = (
				A32B32041AFE41DE00293377 /* Debug */,
				A32B32051AFE41DE00293377 /* Release */,
			);
			defaultConfigurationIsVisible = 0;
		};
		A32B32061AFE41DE00293377 /* Build configuration list for PBXNativeTarget "TechMonsterTests" */ = {
			isa = XCConfigurationList;
			buildConfigurations = (
				A32B32071AFE41DE00293377 /* Debug */,
				A32B32081AFE41DE00293377 /* Release */,
			);
			defaultConfigurationIsVisible = 0;
		};
/* End XCConfigurationList section */
	};
	rootObject = A32B31DC1AFE41DE00293377 /* Project object */;
}
